
Microsoft Visual Studio Solution File, Format Version 12.00
# Visual Studio 14
VisualStudioVersion = 14.0.25420.1
MinimumVisualStudioVersion = 10.0.40219.1
Project("{FAE04EC0-301F-11D3-BF4B-00C04F79EFBC}") = "NFirmwareEditor", "NFirmwareEditor\NFirmwareEditor.csproj", "{8049648F-5281-41A8-A8A5-7177DC0D8646}"
EndProject
Project("{FAE04EC0-301F-11D3-BF4B-00C04F79EFBC}") = "NFirmware", "NFirmware\NFirmware.csproj", "{557A7598-73FA-42E5-BF8F-A2D1C4767953}"
EndProject
Project("{FAE04EC0-301F-11D3-BF4B-00C04F79EFBC}") = "NFirmware.Tests", "NFirmware.Tests\NFirmware.Tests.csproj", "{51773345-23C3-444D-8C95-B51AEF1CE7FE}"
EndProject
Project("{FAE04EC0-301F-11D3-BF4B-00C04F79EFBC}") = "NToolbox", "NToolbox\NToolbox.csproj", "{CCF4DA99-E644-4E9E-A4CC-6F30623FA2AF}"
EndProject
Project("{FAE04EC0-301F-11D3-BF4B-00C04F79EFBC}") = "NCore", "NCore\NCore.csproj", "{B256F46A-BFD9-4A53-B3D9-A808216F074B}"
EndProject
Project("{FAE04EC0-301F-11D3-BF4B-00C04F79EFBC}") = "NDataflash", "NDataflash\NDataflash.csproj", "{1C840775-8DEF-42F7-B2F2-70E5BA7B7EB0}"
EndProject
Project("{FAE04EC0-301F-11D3-BF4B-00C04F79EFBC}") = "NDataflash.Tests", "NDataflash.Tests\NDataflash.Tests.csproj", "{24C60C83-F545-4622-BF0A-C2209D7E1FFF}"
EndProject
Project("{FAE04EC0-301F-11D3-BF4B-00C04F79EFBC}") = "NDataflashEditor", "NDataflashEditor\NDataflashEditor.csproj", "{FAC63434-9A35-469C-9C3E-44B46653ED6E}"
EndProject
Project("{FAE04EC0-301F-11D3-BF4B-00C04F79EFBC}") = "NConfigure", "NConfigure\NConfigure.csproj", "{BFA07770-5102-489E-A458-5A14C73315B5}"
EndProject
Project("{2150E333-8FDC-42A3-9474-1A3956D46DE8}") = "Android", "Android", "{354168A4-C250-4862-B4DC-551CDACE26BF}"
EndProject
Project("{FAE04EC0-301F-11D3-BF4B-00C04F79EFBC}") = "NCore.Usb.Binding", "Android\NCore.Usb.Binding\NCore.Usb.Binding.csproj", "{FE6EC9C5-9474-4E53-AB90-239F95AEA827}"
EndProject
Global
	GlobalSection(SolutionConfigurationPlatforms) = preSolution
		Debug|Any CPU = Debug|Any CPU
		Release|Any CPU = Release|Any CPU
	EndGlobalSection
	GlobalSection(ProjectConfigurationPlatforms) = postSolution
		{8049648F-5281-41A8-A8A5-7177DC0D8646}.Debug|Any CPU.ActiveCfg = Debug|Any CPU
		{8049648F-5281-41A8-A8A5-7177DC0D8646}.Debug|Any CPU.Build.0 = Debug|Any CPU
		{8049648F-5281-41A8-A8A5-7177DC0D8646}.Release|Any CPU.ActiveCfg = Release|Any CPU
		{8049648F-5281-41A8-A8A5-7177DC0D8646}.Release|Any CPU.Build.0 = Release|Any CPU
		{557A7598-73FA-42E5-BF8F-A2D1C4767953}.Debug|Any CPU.ActiveCfg = Debug|Any CPU
		{557A7598-73FA-42E5-BF8F-A2D1C4767953}.Debug|Any CPU.Build.0 = Debug|Any CPU
		{557A7598-73FA-42E5-BF8F-A2D1C4767953}.Release|Any CPU.ActiveCfg = Release|Any CPU
		{557A7598-73FA-42E5-BF8F-A2D1C4767953}.Release|Any CPU.Build.0 = Release|Any CPU
		{51773345-23C3-444D-8C95-B51AEF1CE7FE}.Debug|Any CPU.ActiveCfg = Debug|Any CPU
		{51773345-23C3-444D-8C95-B51AEF1CE7FE}.Debug|Any CPU.Build.0 = Debug|Any CPU
		{51773345-23C3-444D-8C95-B51AEF1CE7FE}.Release|Any CPU.ActiveCfg = Release|Any CPU
		{51773345-23C3-444D-8C95-B51AEF1CE7FE}.Release|Any CPU.Build.0 = Release|Any CPU
		{CCF4DA99-E644-4E9E-A4CC-6F30623FA2AF}.Debug|Any CPU.ActiveCfg = Debug|Any CPU
		{CCF4DA99-E644-4E9E-A4CC-6F30623FA2AF}.Debug|Any CPU.Build.0 = Debug|Any CPU
		{CCF4DA99-E644-4E9E-A4CC-6F30623FA2AF}.Release|Any CPU.ActiveCfg = Release|Any CPU
		{CCF4DA99-E644-4E9E-A4CC-6F30623FA2AF}.Release|Any CPU.Build.0 = Release|Any CPU
		{B256F46A-BFD9-4A53-B3D9-A808216F074B}.Debug|Any CPU.ActiveCfg = Debug|Any CPU
		{B256F46A-BFD9-4A53-B3D9-A808216F074B}.Debug|Any CPU.Build.0 = Debug|Any CPU
		{B256F46A-BFD9-4A53-B3D9-A808216F074B}.Release|Any CPU.ActiveCfg = Release|Any CPU
		{B256F46A-BFD9-4A53-B3D9-A808216F074B}.Release|Any CPU.Build.0 = Release|Any CPU
		{1C840775-8DEF-42F7-B2F2-70E5BA7B7EB0}.Debug|Any CPU.ActiveCfg = Debug|Any CPU
		{1C840775-8DEF-42F7-B2F2-70E5BA7B7EB0}.Debug|Any CPU.Build.0 = Debug|Any CPU
		{1C840775-8DEF-42F7-B2F2-70E5BA7B7EB0}.Release|Any CPU.ActiveCfg = Release|Any CPU
		{1C840775-8DEF-42F7-B2F2-70E5BA7B7EB0}.Release|Any CPU.Build.0 = Release|Any CPU
		{24C60C83-F545-4622-BF0A-C2209D7E1FFF}.Debug|Any CPU.ActiveCfg = Debug|Any CPU
		{24C60C83-F545-4622-BF0A-C2209D7E1FFF}.Debug|Any CPU.Build.0 = Debug|Any CPU
		{24C60C83-F545-4622-BF0A-C2209D7E1FFF}.Release|Any CPU.ActiveCfg = Release|Any CPU
		{24C60C83-F545-4622-BF0A-C2209D7E1FFF}.Release|Any CPU.Build.0 = Release|Any CPU
		{FAC63434-9A35-469C-9C3E-44B46653ED6E}.Debug|Any CPU.ActiveCfg = Debug|Any CPU
		{FAC63434-9A35-469C-9C3E-44B46653ED6E}.Debug|Any CPU.Build.0 = Debug|Any CPU
		{FAC63434-9A35-469C-9C3E-44B46653ED6E}.Release|Any CPU.ActiveCfg = Release|Any CPU
		{FAC63434-9A35-469C-9C3E-44B46653ED6E}.Release|Any CPU.Build.0 = Release|Any CPU
		{BFA07770-5102-489E-A458-5A14C73315B5}.Debug|Any CPU.ActiveCfg = Debug|Any CPU
		{BFA07770-5102-489E-A458-5A14C73315B5}.Debug|Any CPU.Build.0 = Debug|Any CPU
		{BFA07770-5102-489E-A458-5A14C73315B5}.Debug|Any CPU.Deploy.0 = Debug|Any CPU
		{BFA07770-5102-489E-A458-5A14C73315B5}.Release|Any CPU.ActiveCfg = Release|Any CPU
		{BFA07770-5102-489E-A458-5A14C73315B5}.Release|Any CPU.Build.0 = Release|Any CPU
		{BFA07770-5102-489E-A458-5A14C73315B5}.Release|Any CPU.Deploy.0 = Release|Any CPU
		{FE6EC9C5-9474-4E53-AB90-239F95AEA827}.Debug|Any CPU.ActiveCfg = Debug|Any CPU
		{FE6EC9C5-9474-4E53-AB90-239F95AEA827}.Debug|Any CPU.Build.0 = Debug|Any CPU
		{FE6EC9C5-9474-4E53-AB90-239F95AEA827}.Release|Any CPU.ActiveCfg = Release|Any CPU
		{FE6EC9C5-9474-4E53-AB90-239F95AEA827}.Release|Any CPU.Build.0 = Release|Any CPU
	EndGlobalSection
	GlobalSection(SolutionProperties) = preSolution
		HideSolutionNode = FALSE
	EndGlobalSection
	GlobalSection(NestedProjects) = preSolution
		{BFA07770-5102-489E-A458-5A14C73315B5} = {354168A4-C250-4862-B4DC-551CDACE26BF}
		{FE6EC9C5-9474-4E53-AB90-239F95AEA827} = {354168A4-C250-4862-B4DC-551CDACE26BF}
	EndGlobalSection
EndGlobal
